
Microsoft Visual Studio Solution File, Format Version 12.00
Project("{2150E333-8FDC-42A3-9474-1A3956D46DE8}") = "src", "src", "{9EE91BD2-F852-4646-8DBF-AA9D0797F3D8}"
EndProject
Project("{2150E333-8FDC-42A3-9474-1A3956D46DE8}") = "scripts", "scripts", "{7F845452-1639-4495-8577-7F06773F93FD}"
EndProject
Project("{2150E333-8FDC-42A3-9474-1A3956D46DE8}") = "app", "app", "{902B33F0-F87B-492E-A5E8-CE5D481E05CC}"
EndProject
Project("{2150E333-8FDC-42A3-9474-1A3956D46DE8}") = "desktop", "desktop", "{B9AAB614-C6EC-4362-81DF-415F3A79AAE0}"
EndProject
Project("{2150E333-8FDC-42A3-9474-1A3956D46DE8}") = "building-blocks", "building-blocks", "{C0F1D29F-7B65-432A-9338-BF84277CC7F5}"
EndProject
Project("{FAE04EC0-301F-11D3-BF4B-00C04F79EFBC}") = "Budgetter.BuildingBlocks.Domain", "src\building-blocks\Domain\Budgetter.BuildingBlocks.Domain.csproj", "{9D42EC68-E00A-49B9-9A6B-519A20F17602}"
EndProject
Project("{FAE04EC0-301F-11D3-BF4B-00C04F79EFBC}") = "Budgetter.BuildingBlocks.Infrastructure", "src\building-blocks\Infrastructure\Budgetter.BuildingBlocks.Infrastructure.csproj", "{8347A38E-5BF6-48FD-BEF2-1AD61EA81E3F}"
EndProject
Project("{FAE04EC0-301F-11D3-BF4B-00C04F79EFBC}") = "Budgetter.BuildingBlocks.Application", "src\building-blocks\Application\Budgetter.BuildingBlocks.Application.csproj", "{317CFEE5-F903-4462-ADA3-78BAE13C03CE}"
EndProject
Project("{FAE04EC0-301F-11D3-BF4B-00C04F79EFBC}") = "Budgetter.Application", "src\app\Application\Budgetter.Application.csproj", "{B59870AC-4335-4454-AE74-A394BA6141B8}"
EndProject
Project("{FAE04EC0-301F-11D3-BF4B-00C04F79EFBC}") = "Budgetter.Domain", "src\app\Domain\Budgetter.Domain.csproj", "{016B9F91-EFE7-49DD-A3DC-868984E1DDD0}"
EndProject
Project("{FAE04EC0-301F-11D3-BF4B-00C04F79EFBC}") = "Budgetter.Infrastructure", "src\app\Infrastructure\Budgetter.Infrastructure.csproj", "{93146C43-D494-4209-8376-D12E85CB74EC}"
EndProject
Project("{FAE04EC0-301F-11D3-BF4B-00C04F79EFBC}") = "Budgetter.Wpf", "src\desktop\Wpf\Budgetter.Wpf.csproj", "{58694AF5-4B51-46F4-958F-0DA657DF94F6}"
EndProject
Project("{2150E333-8FDC-42A3-9474-1A3956D46DE8}") = "tests", "tests", "{D9528BAE-2B37-45C5-966B-9960BBABB391}"
EndProject
Project("{FAE04EC0-301F-11D3-BF4B-00C04F79EFBC}") = "Budgetter.UnitTests", "src\app\Tests\UnitTests\Budgetter.UnitTests.csproj", "{0FC2D72A-FE17-411B-A95D-23DF503A2C86}"
EndProject
Project("{FAE04EC0-301F-11D3-BF4B-00C04F79EFBC}") = "Budgetter.IntegrationTests", "src\app\Tests\IntegrationTests\Budgetter.IntegrationTests.csproj", "{BDC2CE21-A6DA-4E27-8653-1B9D21648601}"
EndProject
Project("{FAE04EC0-301F-11D3-BF4B-00C04F79EFBC}") = "Budgetter.ArchitectureTests", "src\app\Tests\ArchitectureTests\Budgetter.ArchitectureTests.csproj", "{A4804FD6-CFB3-47D0-8216-AE738A8AD7A2}"
EndProject
Project("{FAE04EC0-301F-11D3-BF4B-00C04F79EFBC}") = "Budgetter.BuildingBlocks.Tests.IntegrationTests", "src\building-blocks\Tests\IntegrationTests\Budgetter.BuildingBlocks.Tests.IntegrationTests.csproj", "{71D18A96-62E7-488D-943A-EC58C2FC9384}"
EndProject
Global
	GlobalSection(SolutionConfigurationPlatforms) = preSolution
		Debug|Any CPU = Debug|Any CPU
		Release|Any CPU = Release|Any CPU
	EndGlobalSection
	GlobalSection(NestedProjects) = preSolution
		{902B33F0-F87B-492E-A5E8-CE5D481E05CC} = {9EE91BD2-F852-4646-8DBF-AA9D0797F3D8}
		{B9AAB614-C6EC-4362-81DF-415F3A79AAE0} = {9EE91BD2-F852-4646-8DBF-AA9D0797F3D8}
		{C0F1D29F-7B65-432A-9338-BF84277CC7F5} = {9EE91BD2-F852-4646-8DBF-AA9D0797F3D8}
		{9D42EC68-E00A-49B9-9A6B-519A20F17602} = {C0F1D29F-7B65-432A-9338-BF84277CC7F5}
		{8347A38E-5BF6-48FD-BEF2-1AD61EA81E3F} = {C0F1D29F-7B65-432A-9338-BF84277CC7F5}
		{317CFEE5-F903-4462-ADA3-78BAE13C03CE} = {C0F1D29F-7B65-432A-9338-BF84277CC7F5}
		{B59870AC-4335-4454-AE74-A394BA6141B8} = {902B33F0-F87B-492E-A5E8-CE5D481E05CC}
		{016B9F91-EFE7-49DD-A3DC-868984E1DDD0} = {902B33F0-F87B-492E-A5E8-CE5D481E05CC}
		{93146C43-D494-4209-8376-D12E85CB74EC} = {902B33F0-F87B-492E-A5E8-CE5D481E05CC}
		{58694AF5-4B51-46F4-958F-0DA657DF94F6} = {B9AAB614-C6EC-4362-81DF-415F3A79AAE0}
		{D9528BAE-2B37-45C5-966B-9960BBABB391} = {902B33F0-F87B-492E-A5E8-CE5D481E05CC}
		{0FC2D72A-FE17-411B-A95D-23DF503A2C86} = {D9528BAE-2B37-45C5-966B-9960BBABB391}
		{BDC2CE21-A6DA-4E27-8653-1B9D21648601} = {D9528BAE-2B37-45C5-966B-9960BBABB391}
		{A4804FD6-CFB3-47D0-8216-AE738A8AD7A2} = {D9528BAE-2B37-45C5-966B-9960BBABB391}
		{71D18A96-62E7-488D-943A-EC58C2FC9384} = {C0F1D29F-7B65-432A-9338-BF84277CC7F5}
	EndGlobalSection
	GlobalSection(ProjectConfigurationPlatforms) = postSolution
		{9D42EC68-E00A-49B9-9A6B-519A20F17602}.Debug|Any CPU.ActiveCfg = Debug|Any CPU
		{9D42EC68-E00A-49B9-9A6B-519A20F17602}.Debug|Any CPU.Build.0 = Debug|Any CPU
		{9D42EC68-E00A-49B9-9A6B-519A20F17602}.Release|Any CPU.ActiveCfg = Release|Any CPU
		{9D42EC68-E00A-49B9-9A6B-519A20F17602}.Release|Any CPU.Build.0 = Release|Any CPU
		{8347A38E-5BF6-48FD-BEF2-1AD61EA81E3F}.Debug|Any CPU.ActiveCfg = Debug|Any CPU
		{8347A38E-5BF6-48FD-BEF2-1AD61EA81E3F}.Debug|Any CPU.Build.0 = Debug|Any CPU
		{8347A38E-5BF6-48FD-BEF2-1AD61EA81E3F}.Release|Any CPU.ActiveCfg = Release|Any CPU
		{8347A38E-5BF6-48FD-BEF2-1AD61EA81E3F}.Release|Any CPU.Build.0 = Release|Any CPU
		{317CFEE5-F903-4462-ADA3-78BAE13C03CE}.Debug|Any CPU.ActiveCfg = Debug|Any CPU
		{317CFEE5-F903-4462-ADA3-78BAE13C03CE}.Debug|Any CPU.Build.0 = Debug|Any CPU
		{317CFEE5-F903-4462-ADA3-78BAE13C03CE}.Release|Any CPU.ActiveCfg = Release|Any CPU
		{317CFEE5-F903-4462-ADA3-78BAE13C03CE}.Release|Any CPU.Build.0 = Release|Any CPU
		{B59870AC-4335-4454-AE74-A394BA6141B8}.Debug|Any CPU.ActiveCfg = Debug|Any CPU
		{B59870AC-4335-4454-AE74-A394BA6141B8}.Debug|Any CPU.Build.0 = Debug|Any CPU
		{B59870AC-4335-4454-AE74-A394BA6141B8}.Release|Any CPU.ActiveCfg = Release|Any CPU
		{B59870AC-4335-4454-AE74-A394BA6141B8}.Release|Any CPU.Build.0 = Release|Any CPU
		{016B9F91-EFE7-49DD-A3DC-868984E1DDD0}.Debug|Any CPU.ActiveCfg = Debug|Any CPU
		{016B9F91-EFE7-49DD-A3DC-868984E1DDD0}.Debug|Any CPU.Build.0 = Debug|Any CPU
		{016B9F91-EFE7-49DD-A3DC-868984E1DDD0}.Release|Any CPU.ActiveCfg = Release|Any CPU
		{016B9F91-EFE7-49DD-A3DC-868984E1DDD0}.Release|Any CPU.Build.0 = Release|Any CPU
		{93146C43-D494-4209-8376-D12E85CB74EC}.Debug|Any CPU.ActiveCfg = Debug|Any CPU
		{93146C43-D494-4209-8376-D12E85CB74EC}.Debug|Any CPU.Build.0 = Debug|Any CPU
		{93146C43-D494-4209-8376-D12E85CB74EC}.Release|Any CPU.ActiveCfg = Release|Any CPU
		{93146C43-D494-4209-8376-D12E85CB74EC}.Release|Any CPU.Build.0 = Release|Any CPU
		{58694AF5-4B51-46F4-958F-0DA657DF94F6}.Debug|Any CPU.ActiveCfg = Debug|Any CPU
		{58694AF5-4B51-46F4-958F-0DA657DF94F6}.Debug|Any CPU.Build.0 = Debug|Any CPU
		{58694AF5-4B51-46F4-958F-0DA657DF94F6}.Release|Any CPU.ActiveCfg = Release|Any CPU
		{58694AF5-4B51-46F4-958F-0DA657DF94F6}.Release|Any CPU.Build.0 = Release|Any CPU
		{0FC2D72A-FE17-411B-A95D-23DF503A2C86}.Debug|Any CPU.ActiveCfg = Debug|Any CPU
		{0FC2D72A-FE17-411B-A95D-23DF503A2C86}.Debug|Any CPU.Build.0 = Debug|Any CPU
		{0FC2D72A-FE17-411B-A95D-23DF503A2C86}.Release|Any CPU.ActiveCfg = Release|Any CPU
		{0FC2D72A-FE17-411B-A95D-23DF503A2C86}.Release|Any CPU.Build.0 = Release|Any CPU
		{BDC2CE21-A6DA-4E27-8653-1B9D21648601}.Debug|Any CPU.ActiveCfg = Debug|Any CPU
		{BDC2CE21-A6DA-4E27-8653-1B9D21648601}.Debug|Any CPU.Build.0 = Debug|Any CPU
		{BDC2CE21-A6DA-4E27-8653-1B9D21648601}.Release|Any CPU.ActiveCfg = Release|Any CPU
		{BDC2CE21-A6DA-4E27-8653-1B9D21648601}.Release|Any CPU.Build.0 = Release|Any CPU
		{A4804FD6-CFB3-47D0-8216-AE738A8AD7A2}.Debug|Any CPU.ActiveCfg = Debug|Any CPU
		{A4804FD6-CFB3-47D0-8216-AE738A8AD7A2}.Debug|Any CPU.Build.0 = Debug|Any CPU
		{A4804FD6-CFB3-47D0-8216-AE738A8AD7A2}.Release|Any CPU.ActiveCfg = Release|Any CPU
		{A4804FD6-CFB3-47D0-8216-AE738A8AD7A2}.Release|Any CPU.Build.0 = Release|Any CPU
		{71D18A96-62E7-488D-943A-EC58C2FC9384}.Debug|Any CPU.ActiveCfg = Debug|Any CPU
		{71D18A96-62E7-488D-943A-EC58C2FC9384}.Debug|Any CPU.Build.0 = Debug|Any CPU
		{71D18A96-62E7-488D-943A-EC58C2FC9384}.Release|Any CPU.ActiveCfg = Release|Any CPU
		{71D18A96-62E7-488D-943A-EC58C2FC9384}.Release|Any CPU.Build.0 = Release|Any CPU
	EndGlobalSection
EndGlobal
